
Microsoft Visual Studio Solution File, Format Version 12.00
# Visual Studio Version 17
VisualStudioVersion = 17.0.31919.166
MinimumVisualStudioVersion = 10.0.40219.1
Project("{FAE04EC0-301F-11D3-BF4B-00C04F79EFBC}") = "TestApp", "TestApp\TestApp.csproj", "{ACDBCB82-19FA-48F5-BA76-928BC1945D94}"
EndProject
Global
	GlobalSection(SolutionConfigurationPlatforms) = preSolution
		Debug|Any CPU = Debug|Any CPU
		Release|Any CPU = Release|Any CPU
	EndGlobalSection
	GlobalSection(ProjectConfigurationPlatforms) = postSolution
		{ACDBCB82-19FA-48F5-BA76-928BC1945D94}.Debug|Any CPU.ActiveCfg = Debug|Any CPU
		{ACDBCB82-19FA-48F5-BA76-928BC1945D94}.Debug|Any CPU.Build.0 = Debug|Any CPU
		{ACDBCB82-19FA-48F5-BA76-928BC1945D94}.Release|Any CPU.ActiveCfg = Release|Any CPU
		{ACDBCB82-19FA-48F5-BA76-928BC1945D94}.Release|Any CPU.Build.0 = Release|Any CPU
	EndGlobalSection
	GlobalSection(SolutionProperties) = preSolution
		HideSolutionNode = FALSE
	EndGlobalSection
	GlobalSection(ExtensibilityGlobals) = postSolution
		SolutionGuid = {C3A83733-2C20-4F1D-B399-40EAC4737A1A}
	EndGlobalSection
EndGlobal
